// !$*UTF8*$!
{
	archiveVersion = 1;
	classes = {
	};
	objectVersion = 55;
	objects = {

/* Begin PBXBuildFile section */
		834BE6352935894A0005E5CA /* UIViewControllerExtension.swift in Sources */ = {isa = PBXBuildFile; fileRef = 834BE6342935894A0005E5CA /* UIViewControllerExtension.swift */; };
		834BE638293634B70005E5CA /* GradientExtension.swift in Sources */ = {isa = PBXBuildFile; fileRef = 834BE637293634B70005E5CA /* GradientExtension.swift */; };
		834BE63A293649890005E5CA /* TextfieldTableViewCell.swift in Sources */ = {isa = PBXBuildFile; fileRef = 834BE639293649890005E5CA /* TextfieldTableViewCell.swift */; };
		834BE63C29364BCC0005E5CA /* ButtonTableViewCell.swift in Sources */ = {isa = PBXBuildFile; fileRef = 834BE63B29364BCC0005E5CA /* ButtonTableViewCell.swift */; };
		834BE640293665B50005E5CA /* SettingsViewController.swift in Sources */ = {isa = PBXBuildFile; fileRef = 834BE63F293665B50005E5CA /* SettingsViewController.swift */; };
		839A23AE29180DD7002F3ED4 /* Textfield.swift in Sources */ = {isa = PBXBuildFile; fileRef = 839A23AD29180DD7002F3ED4 /* Textfield.swift */; };
		83AC60EE2918143500AA621E /* Button.swift in Sources */ = {isa = PBXBuildFile; fileRef = 83AC60ED2918143500AA621E /* Button.swift */; };
		83BDDB6B28DE804400CBC81E /* AppDelegate.swift in Sources */ = {isa = PBXBuildFile; fileRef = 83BDDB6A28DE804400CBC81E /* AppDelegate.swift */; };
		83BDDB6D28DE804400CBC81E /* SceneDelegate.swift in Sources */ = {isa = PBXBuildFile; fileRef = 83BDDB6C28DE804400CBC81E /* SceneDelegate.swift */; };
		83BDDB6F28DE804400CBC81E /* RootController.swift in Sources */ = {isa = PBXBuildFile; fileRef = 83BDDB6E28DE804400CBC81E /* RootController.swift */; };
		83BDDB7228DE804400CBC81E /* Main.storyboard in Resources */ = {isa = PBXBuildFile; fileRef = 83BDDB7028DE804400CBC81E /* Main.storyboard */; };
		83BDDB7528DE804400CBC81E /* MyFitness.xcdatamodeld in Sources */ = {isa = PBXBuildFile; fileRef = 83BDDB7328DE804400CBC81E /* MyFitness.xcdatamodeld */; };
		83BDDB7728DE804500CBC81E /* Assets.xcassets in Resources */ = {isa = PBXBuildFile; fileRef = 83BDDB7628DE804500CBC81E /* Assets.xcassets */; };
		83BDDB7A28DE804500CBC81E /* LaunchScreen.storyboard in Resources */ = {isa = PBXBuildFile; fileRef = 83BDDB7828DE804500CBC81E /* LaunchScreen.storyboard */; };
		83BDDB8528DE804500CBC81E /* MyFitnessTests.swift in Sources */ = {isa = PBXBuildFile; fileRef = 83BDDB8428DE804500CBC81E /* MyFitnessTests.swift */; };
		83BDDB8F28DE804600CBC81E /* MyFitnessUITests.swift in Sources */ = {isa = PBXBuildFile; fileRef = 83BDDB8E28DE804600CBC81E /* MyFitnessUITests.swift */; };
		83BDDB9128DE804600CBC81E /* MyFitnessUITestsLaunchTests.swift in Sources */ = {isa = PBXBuildFile; fileRef = 83BDDB9028DE804600CBC81E /* MyFitnessUITestsLaunchTests.swift */; };
		83BDDBA128DE8A5F00CBC81E /* LoginViewController.swift in Sources */ = {isa = PBXBuildFile; fileRef = 83BDDB9F28DE857F00CBC81E /* LoginViewController.swift */; };
		83BDDBA328DE8CF800CBC81E /* RegisterViewController.swift in Sources */ = {isa = PBXBuildFile; fileRef = 83BDDBA228DE8CF700CBC81E /* RegisterViewController.swift */; };
		83CAFAB729153DDC00C4A4C6 /* Register.storyboard in Resources */ = {isa = PBXBuildFile; fileRef = 83CAFAB629153DDC00C4A4C6 /* Register.storyboard */; };
		83CAFAB929153E0C00C4A4C6 /* Login.storyboard in Resources */ = {isa = PBXBuildFile; fileRef = 83CAFAB829153E0C00C4A4C6 /* Login.storyboard */; };
		83CF8C4829381FFA00C14E7E /* Settings.storyboard in Resources */ = {isa = PBXBuildFile; fileRef = 83CF8C4729381FFA00C14E7E /* Settings.storyboard */; };
		83CF8C4A293820FE00C14E7E /* GoogleService-Info.plist in Resources */ = {isa = PBXBuildFile; fileRef = 83CF8C49293820FD00C14E7E /* GoogleService-Info.plist */; };
		83CF8C4D2938224C00C14E7E /* FirebaseAnalytics in Frameworks */ = {isa = PBXBuildFile; productRef = 83CF8C4C2938224C00C14E7E /* FirebaseAnalytics */; };
		83CF8C4F2938224C00C14E7E /* FirebaseAnalyticsOnDeviceConversion in Frameworks */ = {isa = PBXBuildFile; productRef = 83CF8C4E2938224C00C14E7E /* FirebaseAnalyticsOnDeviceConversion */; };
		83CF8C512938224C00C14E7E /* FirebaseAnalyticsSwift in Frameworks */ = {isa = PBXBuildFile; productRef = 83CF8C502938224C00C14E7E /* FirebaseAnalyticsSwift */; };
		83CF8C532938224C00C14E7E /* FirebaseAnalyticsWithoutAdIdSupport in Frameworks */ = {isa = PBXBuildFile; productRef = 83CF8C522938224C00C14E7E /* FirebaseAnalyticsWithoutAdIdSupport */; };
		83CF8C552938224C00C14E7E /* FirebaseAppCheck in Frameworks */ = {isa = PBXBuildFile; productRef = 83CF8C542938224C00C14E7E /* FirebaseAppCheck */; };
		83CF8C572938224C00C14E7E /* FirebaseAppDistribution-Beta in Frameworks */ = {isa = PBXBuildFile; productRef = 83CF8C562938224C00C14E7E /* FirebaseAppDistribution-Beta */; };
		83CF8C592938224C00C14E7E /* FirebaseAuth in Frameworks */ = {isa = PBXBuildFile; productRef = 83CF8C582938224C00C14E7E /* FirebaseAuth */; };
		83CF8C5B2938224C00C14E7E /* FirebaseAuthCombine-Community in Frameworks */ = {isa = PBXBuildFile; productRef = 83CF8C5A2938224C00C14E7E /* FirebaseAuthCombine-Community */; };
		83CF8C5D2938224C00C14E7E /* FirebaseCrashlytics in Frameworks */ = {isa = PBXBuildFile; productRef = 83CF8C5C2938224C00C14E7E /* FirebaseCrashlytics */; };
		83CF8C5F2938224C00C14E7E /* FirebaseDatabase in Frameworks */ = {isa = PBXBuildFile; productRef = 83CF8C5E2938224C00C14E7E /* FirebaseDatabase */; };
		83CF8C612938224C00C14E7E /* FirebaseDatabaseSwift in Frameworks */ = {isa = PBXBuildFile; productRef = 83CF8C602938224C00C14E7E /* FirebaseDatabaseSwift */; };
		83CF8C632938224C00C14E7E /* FirebaseDynamicLinks in Frameworks */ = {isa = PBXBuildFile; productRef = 83CF8C622938224C00C14E7E /* FirebaseDynamicLinks */; };
		83CF8C652938224C00C14E7E /* FirebaseFirestore in Frameworks */ = {isa = PBXBuildFile; productRef = 83CF8C642938224C00C14E7E /* FirebaseFirestore */; };
		83CF8C672938224C00C14E7E /* FirebaseFirestoreCombine-Community in Frameworks */ = {isa = PBXBuildFile; productRef = 83CF8C662938224C00C14E7E /* FirebaseFirestoreCombine-Community */; };
		83CF8C692938224C00C14E7E /* FirebaseFirestoreSwift in Frameworks */ = {isa = PBXBuildFile; productRef = 83CF8C682938224C00C14E7E /* FirebaseFirestoreSwift */; };
		83CF8C6B2938224C00C14E7E /* FirebaseFunctions in Frameworks */ = {isa = PBXBuildFile; productRef = 83CF8C6A2938224C00C14E7E /* FirebaseFunctions */; };
		83CF8C6D2938224C00C14E7E /* FirebaseFunctionsCombine-Community in Frameworks */ = {isa = PBXBuildFile; productRef = 83CF8C6C2938224C00C14E7E /* FirebaseFunctionsCombine-Community */; };
		83CF8C6F2938224C00C14E7E /* FirebaseInAppMessaging-Beta in Frameworks */ = {isa = PBXBuildFile; productRef = 83CF8C6E2938224C00C14E7E /* FirebaseInAppMessaging-Beta */; };
		83CF8C712938224C00C14E7E /* FirebaseInAppMessagingSwift-Beta in Frameworks */ = {isa = PBXBuildFile; productRef = 83CF8C702938224C00C14E7E /* FirebaseInAppMessagingSwift-Beta */; };
		83CF8C732938224C00C14E7E /* FirebaseInstallations in Frameworks */ = {isa = PBXBuildFile; productRef = 83CF8C722938224C00C14E7E /* FirebaseInstallations */; };
		83CF8C752938224C00C14E7E /* FirebaseMLModelDownloader in Frameworks */ = {isa = PBXBuildFile; productRef = 83CF8C742938224C00C14E7E /* FirebaseMLModelDownloader */; };
		83CF8C772938224C00C14E7E /* FirebaseMessaging in Frameworks */ = {isa = PBXBuildFile; productRef = 83CF8C762938224C00C14E7E /* FirebaseMessaging */; };
		83CF8C792938224C00C14E7E /* FirebasePerformance in Frameworks */ = {isa = PBXBuildFile; productRef = 83CF8C782938224C00C14E7E /* FirebasePerformance */; };
		83CF8C7B2938224C00C14E7E /* FirebaseRemoteConfig in Frameworks */ = {isa = PBXBuildFile; productRef = 83CF8C7A2938224C00C14E7E /* FirebaseRemoteConfig */; };
		83CF8C7D2938224C00C14E7E /* FirebaseRemoteConfigSwift in Frameworks */ = {isa = PBXBuildFile; productRef = 83CF8C7C2938224C00C14E7E /* FirebaseRemoteConfigSwift */; };
		83CF8C7F2938224C00C14E7E /* FirebaseStorage in Frameworks */ = {isa = PBXBuildFile; productRef = 83CF8C7E2938224C00C14E7E /* FirebaseStorage */; };
		83CF8C812938224C00C14E7E /* FirebaseStorageCombine-Community in Frameworks */ = {isa = PBXBuildFile; productRef = 83CF8C802938224C00C14E7E /* FirebaseStorageCombine-Community */; };
/* End PBXBuildFile section */

/* Begin PBXContainerItemProxy section */
		83BDDB8128DE804500CBC81E /* PBXContainerItemProxy */ = {
			isa = PBXContainerItemProxy;
			containerPortal = 83BDDB5F28DE804400CBC81E /* Project object */;
			proxyType = 1;
			remoteGlobalIDString = 83BDDB6628DE804400CBC81E;
			remoteInfo = MyFitness;
		};
		83BDDB8B28DE804600CBC81E /* PBXContainerItemProxy */ = {
			isa = PBXContainerItemProxy;
			containerPortal = 83BDDB5F28DE804400CBC81E /* Project object */;
			proxyType = 1;
			remoteGlobalIDString = 83BDDB6628DE804400CBC81E;
			remoteInfo = MyFitness;
		};
/* End PBXContainerItemProxy section */

/* Begin PBXFileReference section */
		834BE6342935894A0005E5CA /* UIViewControllerExtension.swift */ = {isa = PBXFileReference; lastKnownFileType = sourcecode.swift; path = UIViewControllerExtension.swift; sourceTree = "<group>"; };
		834BE637293634B70005E5CA /* GradientExtension.swift */ = {isa = PBXFileReference; lastKnownFileType = sourcecode.swift; path = GradientExtension.swift; sourceTree = "<group>"; };
		834BE639293649890005E5CA /* TextfieldTableViewCell.swift */ = {isa = PBXFileReference; lastKnownFileType = sourcecode.swift; path = TextfieldTableViewCell.swift; sourceTree = "<group>"; };
		834BE63B29364BCC0005E5CA /* ButtonTableViewCell.swift */ = {isa = PBXFileReference; lastKnownFileType = sourcecode.swift; path = ButtonTableViewCell.swift; sourceTree = "<group>"; };
		834BE63F293665B50005E5CA /* SettingsViewController.swift */ = {isa = PBXFileReference; lastKnownFileType = sourcecode.swift; path = SettingsViewController.swift; sourceTree = "<group>"; };
		839A23AD29180DD7002F3ED4 /* Textfield.swift */ = {isa = PBXFileReference; lastKnownFileType = sourcecode.swift; path = Textfield.swift; sourceTree = "<group>"; };
		83AC60ED2918143500AA621E /* Button.swift */ = {isa = PBXFileReference; lastKnownFileType = sourcecode.swift; path = Button.swift; sourceTree = "<group>"; };
		83BDDB6728DE804400CBC81E /* DailyCalories.app */ = {isa = PBXFileReference; explicitFileType = wrapper.application; includeInIndex = 0; path = DailyCalories.app; sourceTree = BUILT_PRODUCTS_DIR; };
		83BDDB6A28DE804400CBC81E /* AppDelegate.swift */ = {isa = PBXFileReference; lastKnownFileType = sourcecode.swift; path = AppDelegate.swift; sourceTree = "<group>"; };
		83BDDB6C28DE804400CBC81E /* SceneDelegate.swift */ = {isa = PBXFileReference; lastKnownFileType = sourcecode.swift; path = SceneDelegate.swift; sourceTree = "<group>"; };
		83BDDB6E28DE804400CBC81E /* RootController.swift */ = {isa = PBXFileReference; lastKnownFileType = sourcecode.swift; path = RootController.swift; sourceTree = "<group>"; };
		83BDDB7128DE804400CBC81E /* Base */ = {isa = PBXFileReference; lastKnownFileType = file.storyboard; name = Base; path = Base.lproj/Main.storyboard; sourceTree = "<group>"; };
		83BDDB7428DE804400CBC81E /* MyFitness.xcdatamodel */ = {isa = PBXFileReference; lastKnownFileType = wrapper.xcdatamodel; path = MyFitness.xcdatamodel; sourceTree = "<group>"; };
		83BDDB7628DE804500CBC81E /* Assets.xcassets */ = {isa = PBXFileReference; lastKnownFileType = folder.assetcatalog; path = Assets.xcassets; sourceTree = "<group>"; };
		83BDDB7928DE804500CBC81E /* Base */ = {isa = PBXFileReference; lastKnownFileType = file.storyboard; name = Base; path = Base.lproj/LaunchScreen.storyboard; sourceTree = "<group>"; };
		83BDDB7B28DE804500CBC81E /* Info.plist */ = {isa = PBXFileReference; lastKnownFileType = text.plist.xml; path = Info.plist; sourceTree = "<group>"; };
		83BDDB8028DE804500CBC81E /* DailyCaloriesTests.xctest */ = {isa = PBXFileReference; explicitFileType = wrapper.cfbundle; includeInIndex = 0; path = DailyCaloriesTests.xctest; sourceTree = BUILT_PRODUCTS_DIR; };
		83BDDB8428DE804500CBC81E /* MyFitnessTests.swift */ = {isa = PBXFileReference; lastKnownFileType = sourcecode.swift; path = MyFitnessTests.swift; sourceTree = "<group>"; };
		83BDDB8A28DE804600CBC81E /* DailyCaloriesUITests.xctest */ = {isa = PBXFileReference; explicitFileType = wrapper.cfbundle; includeInIndex = 0; path = DailyCaloriesUITests.xctest; sourceTree = BUILT_PRODUCTS_DIR; };
		83BDDB8E28DE804600CBC81E /* MyFitnessUITests.swift */ = {isa = PBXFileReference; lastKnownFileType = sourcecode.swift; path = MyFitnessUITests.swift; sourceTree = "<group>"; };
		83BDDB9028DE804600CBC81E /* MyFitnessUITestsLaunchTests.swift */ = {isa = PBXFileReference; lastKnownFileType = sourcecode.swift; path = MyFitnessUITestsLaunchTests.swift; sourceTree = "<group>"; };
		83BDDB9F28DE857F00CBC81E /* LoginViewController.swift */ = {isa = PBXFileReference; lastKnownFileType = sourcecode.swift; path = LoginViewController.swift; sourceTree = "<group>"; };
		83BDDBA228DE8CF700CBC81E /* RegisterViewController.swift */ = {isa = PBXFileReference; lastKnownFileType = sourcecode.swift; path = RegisterViewController.swift; sourceTree = "<group>"; };
		83CAFAB629153DDC00C4A4C6 /* Register.storyboard */ = {isa = PBXFileReference; lastKnownFileType = file.storyboard; path = Register.storyboard; sourceTree = "<group>"; };
		83CAFAB829153E0C00C4A4C6 /* Login.storyboard */ = {isa = PBXFileReference; lastKnownFileType = file.storyboard; path = Login.storyboard; sourceTree = "<group>"; };
		83CF8C4729381FFA00C14E7E /* Settings.storyboard */ = {isa = PBXFileReference; fileEncoding = 4; lastKnownFileType = file.storyboard; name = Settings.storyboard; path = DailyCalories/Settings.storyboard; sourceTree = SOURCE_ROOT; };
		83CF8C49293820FD00C14E7E /* GoogleService-Info.plist */ = {isa = PBXFileReference; fileEncoding = 4; lastKnownFileType = text.plist.xml; name = "GoogleService-Info.plist"; path = "../../../Downloads/GoogleService-Info.plist"; sourceTree = "<group>"; };
/* End PBXFileReference section */

/* Begin PBXFrameworksBuildPhase section */
		83BDDB6428DE804400CBC81E /* Frameworks */ = {
			isa = PBXFrameworksBuildPhase;
			buildActionMask = 2147483647;
			files = (
				83CF8C5F2938224C00C14E7E /* FirebaseDatabase in Frameworks */,
				83CF8C6D2938224C00C14E7E /* FirebaseFunctionsCombine-Community in Frameworks */,
				83CF8C652938224C00C14E7E /* FirebaseFirestore in Frameworks */,
				83CF8C512938224C00C14E7E /* FirebaseAnalyticsSwift in Frameworks */,
				83CF8C4D2938224C00C14E7E /* FirebaseAnalytics in Frameworks */,
				83CF8C4F2938224C00C14E7E /* FirebaseAnalyticsOnDeviceConversion in Frameworks */,
				83CF8C752938224C00C14E7E /* FirebaseMLModelDownloader in Frameworks */,
				83CF8C692938224C00C14E7E /* FirebaseFirestoreSwift in Frameworks */,
				83CF8C552938224C00C14E7E /* FirebaseAppCheck in Frameworks */,
				83CF8C532938224C00C14E7E /* FirebaseAnalyticsWithoutAdIdSupport in Frameworks */,
				83CF8C592938224C00C14E7E /* FirebaseAuth in Frameworks */,
				83CF8C5D2938224C00C14E7E /* FirebaseCrashlytics in Frameworks */,
				83CF8C7D2938224C00C14E7E /* FirebaseRemoteConfigSwift in Frameworks */,
				83CF8C6F2938224C00C14E7E /* FirebaseInAppMessaging-Beta in Frameworks */,
				83CF8C612938224C00C14E7E /* FirebaseDatabaseSwift in Frameworks */,
				83CF8C6B2938224C00C14E7E /* FirebaseFunctions in Frameworks */,
				83CF8C812938224C00C14E7E /* FirebaseStorageCombine-Community in Frameworks */,
				83CF8C7B2938224C00C14E7E /* FirebaseRemoteConfig in Frameworks */,
				83CF8C572938224C00C14E7E /* FirebaseAppDistribution-Beta in Frameworks */,
				83CF8C5B2938224C00C14E7E /* FirebaseAuthCombine-Community in Frameworks */,
				83CF8C792938224C00C14E7E /* FirebasePerformance in Frameworks */,
				83CF8C712938224C00C14E7E /* FirebaseInAppMessagingSwift-Beta in Frameworks */,
				83CF8C7F2938224C00C14E7E /* FirebaseStorage in Frameworks */,
				83CF8C632938224C00C14E7E /* FirebaseDynamicLinks in Frameworks */,
				83CF8C672938224C00C14E7E /* FirebaseFirestoreCombine-Community in Frameworks */,
				83CF8C772938224C00C14E7E /* FirebaseMessaging in Frameworks */,
				83CF8C732938224C00C14E7E /* FirebaseInstallations in Frameworks */,
			);
			runOnlyForDeploymentPostprocessing = 0;
		};
		83BDDB7D28DE804500CBC81E /* Frameworks */ = {
			isa = PBXFrameworksBuildPhase;
			buildActionMask = 2147483647;
			files = (
			);
			runOnlyForDeploymentPostprocessing = 0;
		};
		83BDDB8728DE804600CBC81E /* Frameworks */ = {
			isa = PBXFrameworksBuildPhase;
			buildActionMask = 2147483647;
			files = (
			);
			runOnlyForDeploymentPostprocessing = 0;
		};
/* End PBXFrameworksBuildPhase section */

/* Begin PBXGroup section */
		834BE63629358A6C0005E5CA /* Views */ = {
			isa = PBXGroup;
			children = (
				83BDDB7028DE804400CBC81E /* Main.storyboard */,
				83CF8C4729381FFA00C14E7E /* Settings.storyboard */,
				83CAFAB629153DDC00C4A4C6 /* Register.storyboard */,
				83CAFAB829153E0C00C4A4C6 /* Login.storyboard */,
			);
			path = Views;
			sourceTree = "<group>";
		};
		83BDDB5E28DE804400CBC81E = {
			isa = PBXGroup;
			children = (
				83BDDB6928DE804400CBC81E /* DailyCalories */,
				83BDDB8328DE804500CBC81E /* DailyCaloriesTests */,
				83BDDB8D28DE804600CBC81E /* DailyCaloriesUITests */,
				83BDDB6828DE804400CBC81E /* Products */,
				83CF8C822938249900C14E7E /* Frameworks */,
			);
			sourceTree = "<group>";
		};
		83BDDB6828DE804400CBC81E /* Products */ = {
			isa = PBXGroup;
			children = (
				83BDDB6728DE804400CBC81E /* DailyCalories.app */,
				83BDDB8028DE804500CBC81E /* DailyCaloriesTests.xctest */,
				83BDDB8A28DE804600CBC81E /* DailyCaloriesUITests.xctest */,
			);
			name = Products;
			sourceTree = "<group>";
		};
		83BDDB6928DE804400CBC81E /* DailyCalories */ = {
			isa = PBXGroup;
			children = (
				834BE63629358A6C0005E5CA /* Views */,
				83BDDB6A28DE804400CBC81E /* AppDelegate.swift */,
				834BE6342935894A0005E5CA /* UIViewControllerExtension.swift */,
				834BE637293634B70005E5CA /* GradientExtension.swift */,
				834BE63F293665B50005E5CA /* SettingsViewController.swift */,
				83BDDB6C28DE804400CBC81E /* SceneDelegate.swift */,
				839A23AD29180DD7002F3ED4 /* Textfield.swift */,
				834BE639293649890005E5CA /* TextfieldTableViewCell.swift */,
				83AC60ED2918143500AA621E /* Button.swift */,
				834BE63B29364BCC0005E5CA /* ButtonTableViewCell.swift */,
				83BDDB6E28DE804400CBC81E /* RootController.swift */,
				83BDDB9F28DE857F00CBC81E /* LoginViewController.swift */,
				83BDDBA228DE8CF700CBC81E /* RegisterViewController.swift */,
				83BDDB7628DE804500CBC81E /* Assets.xcassets */,
				83BDDB7828DE804500CBC81E /* LaunchScreen.storyboard */,
				83CF8C49293820FD00C14E7E /* GoogleService-Info.plist */,
				83BDDB7B28DE804500CBC81E /* Info.plist */,
				83BDDB7328DE804400CBC81E /* MyFitness.xcdatamodeld */,
			);
			path = DailyCalories;
			sourceTree = "<group>";
		};
		83BDDB8328DE804500CBC81E /* DailyCaloriesTests */ = {
			isa = PBXGroup;
			children = (
				83BDDB8428DE804500CBC81E /* MyFitnessTests.swift */,
			);
			path = DailyCaloriesTests;
			sourceTree = "<group>";
		};
		83BDDB8D28DE804600CBC81E /* DailyCaloriesUITests */ = {
			isa = PBXGroup;
			children = (
				83BDDB8E28DE804600CBC81E /* MyFitnessUITests.swift */,
				83BDDB9028DE804600CBC81E /* MyFitnessUITestsLaunchTests.swift */,
			);
			path = DailyCaloriesUITests;
			sourceTree = "<group>";
		};
		83CF8C822938249900C14E7E /* Frameworks */ = {
			isa = PBXGroup;
			children = (
			);
			name = Frameworks;
			sourceTree = "<group>";
		};
/* End PBXGroup section */

/* Begin PBXNativeTarget section */
		83BDDB6628DE804400CBC81E /* DailyCalories */ = {
			isa = PBXNativeTarget;
			buildConfigurationList = 83BDDB9428DE804600CBC81E /* Build configuration list for PBXNativeTarget "DailyCalories" */;
			buildPhases = (
				83BDDB6328DE804400CBC81E /* Sources */,
				83BDDB6428DE804400CBC81E /* Frameworks */,
				83BDDB6528DE804400CBC81E /* Resources */,
			);
			buildRules = (
			);
			dependencies = (
			);
			name = DailyCalories;
			packageProductDependencies = (
				83CF8C4C2938224C00C14E7E /* FirebaseAnalytics */,
				83CF8C4E2938224C00C14E7E /* FirebaseAnalyticsOnDeviceConversion */,
				83CF8C502938224C00C14E7E /* FirebaseAnalyticsSwift */,
				83CF8C522938224C00C14E7E /* FirebaseAnalyticsWithoutAdIdSupport */,
				83CF8C542938224C00C14E7E /* FirebaseAppCheck */,
				83CF8C562938224C00C14E7E /* FirebaseAppDistribution-Beta */,
				83CF8C582938224C00C14E7E /* FirebaseAuth */,
				83CF8C5A2938224C00C14E7E /* FirebaseAuthCombine-Community */,
				83CF8C5C2938224C00C14E7E /* FirebaseCrashlytics */,
				83CF8C5E2938224C00C14E7E /* FirebaseDatabase */,
				83CF8C602938224C00C14E7E /* FirebaseDatabaseSwift */,
				83CF8C622938224C00C14E7E /* FirebaseDynamicLinks */,
				83CF8C642938224C00C14E7E /* FirebaseFirestore */,
				83CF8C662938224C00C14E7E /* FirebaseFirestoreCombine-Community */,
				83CF8C682938224C00C14E7E /* FirebaseFirestoreSwift */,
				83CF8C6A2938224C00C14E7E /* FirebaseFunctions */,
				83CF8C6C2938224C00C14E7E /* FirebaseFunctionsCombine-Community */,
				83CF8C6E2938224C00C14E7E /* FirebaseInAppMessaging-Beta */,
				83CF8C702938224C00C14E7E /* FirebaseInAppMessagingSwift-Beta */,
				83CF8C722938224C00C14E7E /* FirebaseInstallations */,
				83CF8C742938224C00C14E7E /* FirebaseMLModelDownloader */,
				83CF8C762938224C00C14E7E /* FirebaseMessaging */,
				83CF8C782938224C00C14E7E /* FirebasePerformance */,
				83CF8C7A2938224C00C14E7E /* FirebaseRemoteConfig */,
				83CF8C7C2938224C00C14E7E /* FirebaseRemoteConfigSwift */,
				83CF8C7E2938224C00C14E7E /* FirebaseStorage */,
				83CF8C802938224C00C14E7E /* FirebaseStorageCombine-Community */,
			);
			productName = MyFitness;
			productReference = 83BDDB6728DE804400CBC81E /* DailyCalories.app */;
			productType = "com.apple.product-type.application";
		};
		83BDDB7F28DE804500CBC81E /* DailyCaloriesTests */ = {
			isa = PBXNativeTarget;
			buildConfigurationList = 83BDDB9728DE804600CBC81E /* Build configuration list for PBXNativeTarget "DailyCaloriesTests" */;
			buildPhases = (
				83BDDB7C28DE804500CBC81E /* Sources */,
				83BDDB7D28DE804500CBC81E /* Frameworks */,
				83BDDB7E28DE804500CBC81E /* Resources */,
			);
			buildRules = (
			);
			dependencies = (
				83BDDB8228DE804500CBC81E /* PBXTargetDependency */,
			);
			name = DailyCaloriesTests;
			productName = MyFitnessTests;
			productReference = 83BDDB8028DE804500CBC81E /* DailyCaloriesTests.xctest */;
			productType = "com.apple.product-type.bundle.unit-test";
		};
		83BDDB8928DE804600CBC81E /* DailyCaloriesUITests */ = {
			isa = PBXNativeTarget;
			buildConfigurationList = 83BDDB9A28DE804600CBC81E /* Build configuration list for PBXNativeTarget "DailyCaloriesUITests" */;
			buildPhases = (
				83BDDB8628DE804600CBC81E /* Sources */,
				83BDDB8728DE804600CBC81E /* Frameworks */,
				83BDDB8828DE804600CBC81E /* Resources */,
			);
			buildRules = (
			);
			dependencies = (
				83BDDB8C28DE804600CBC81E /* PBXTargetDependency */,
			);
			name = DailyCaloriesUITests;
			productName = MyFitnessUITests;
			productReference = 83BDDB8A28DE804600CBC81E /* DailyCaloriesUITests.xctest */;
			productType = "com.apple.product-type.bundle.ui-testing";
		};
/* End PBXNativeTarget section */

/* Begin PBXProject section */
		83BDDB5F28DE804400CBC81E /* Project object */ = {
			isa = PBXProject;
			attributes = {
				BuildIndependentTargetsInParallel = 1;
				LastSwiftUpdateCheck = 1340;
				LastUpgradeCheck = 1340;
				TargetAttributes = {
					83BDDB6628DE804400CBC81E = {
						CreatedOnToolsVersion = 13.4.1;
					};
					83BDDB7F28DE804500CBC81E = {
						CreatedOnToolsVersion = 13.4.1;
						TestTargetID = 83BDDB6628DE804400CBC81E;
					};
					83BDDB8928DE804600CBC81E = {
						CreatedOnToolsVersion = 13.4.1;
						TestTargetID = 83BDDB6628DE804400CBC81E;
					};
				};
			};
			buildConfigurationList = 83BDDB6228DE804400CBC81E /* Build configuration list for PBXProject "DailyCalories" */;
			compatibilityVersion = "Xcode 13.0";
			developmentRegion = en;
			hasScannedForEncodings = 0;
			knownRegions = (
				en,
				Base,
			);
			mainGroup = 83BDDB5E28DE804400CBC81E;
			packageReferences = (
				83CF8C4B2938224C00C14E7E /* XCRemoteSwiftPackageReference "firebase-ios-sdk" */,
			);
			productRefGroup = 83BDDB6828DE804400CBC81E /* Products */;
			projectDirPath = "";
			projectRoot = "";
			targets = (
				83BDDB6628DE804400CBC81E /* DailyCalories */,
				83BDDB7F28DE804500CBC81E /* DailyCaloriesTests */,
				83BDDB8928DE804600CBC81E /* DailyCaloriesUITests */,
			);
		};
/* End PBXProject section */

/* Begin PBXResourcesBuildPhase section */
		83BDDB6528DE804400CBC81E /* Resources */ = {
			isa = PBXResourcesBuildPhase;
			buildActionMask = 2147483647;
			files = (
				83BDDB7A28DE804500CBC81E /* LaunchScreen.storyboard in Resources */,
				83BDDB7728DE804500CBC81E /* Assets.xcassets in Resources */,
				83BDDB7228DE804400CBC81E /* Main.storyboard in Resources */,
				83CF8C4829381FFA00C14E7E /* Settings.storyboard in Resources */,
				83CAFAB929153E0C00C4A4C6 /* Login.storyboard in Resources */,
				83CAFAB729153DDC00C4A4C6 /* Register.storyboard in Resources */,
				83CF8C4A293820FE00C14E7E /* GoogleService-Info.plist in Resources */,
			);
			runOnlyForDeploymentPostprocessing = 0;
		};
		83BDDB7E28DE804500CBC81E /* Resources */ = {
			isa = PBXResourcesBuildPhase;
			buildActionMask = 2147483647;
			files = (
			);
			runOnlyForDeploymentPostprocessing = 0;
		};
		83BDDB8828DE804600CBC81E /* Resources */ = {
			isa = PBXResourcesBuildPhase;
			buildActionMask = 2147483647;
			files = (
			);
			runOnlyForDeploymentPostprocessing = 0;
		};
/* End PBXResourcesBuildPhase section */

/* Begin PBXSourcesBuildPhase section */
		83BDDB6328DE804400CBC81E /* Sources */ = {
			isa = PBXSourcesBuildPhase;
			buildActionMask = 2147483647;
			files = (
				834BE63A293649890005E5CA /* TextfieldTableViewCell.swift in Sources */,
				839A23AE29180DD7002F3ED4 /* Textfield.swift in Sources */,
				834BE638293634B70005E5CA /* GradientExtension.swift in Sources */,
				834BE63C29364BCC0005E5CA /* ButtonTableViewCell.swift in Sources */,
				83BDDB7528DE804400CBC81E /* MyFitness.xcdatamodeld in Sources */,
				834BE6352935894A0005E5CA /* UIViewControllerExtension.swift in Sources */,
				83BDDB6F28DE804400CBC81E /* RootController.swift in Sources */,
				83AC60EE2918143500AA621E /* Button.swift in Sources */,
				83BDDB6B28DE804400CBC81E /* AppDelegate.swift in Sources */,
				83BDDBA328DE8CF800CBC81E /* RegisterViewController.swift in Sources */,
				834BE640293665B50005E5CA /* SettingsViewController.swift in Sources */,
				83BDDBA128DE8A5F00CBC81E /* LoginViewController.swift in Sources */,
				83BDDB6D28DE804400CBC81E /* SceneDelegate.swift in Sources */,
			);
			runOnlyForDeploymentPostprocessing = 0;
		};
		83BDDB7C28DE804500CBC81E /* Sources */ = {
			isa = PBXSourcesBuildPhase;
			buildActionMask = 2147483647;
			files = (
				83BDDB8528DE804500CBC81E /* MyFitnessTests.swift in Sources */,
			);
			runOnlyForDeploymentPostprocessing = 0;
		};
		83BDDB8628DE804600CBC81E /* Sources */ = {
			isa = PBXSourcesBuildPhase;
			buildActionMask = 2147483647;
			files = (
				83BDDB8F28DE804600CBC81E /* MyFitnessUITests.swift in Sources */,
				83BDDB9128DE804600CBC81E /* MyFitnessUITestsLaunchTests.swift in Sources */,
			);
			runOnlyForDeploymentPostprocessing = 0;
		};
/* End PBXSourcesBuildPhase section */

/* Begin PBXTargetDependency section */
		83BDDB8228DE804500CBC81E /* PBXTargetDependency */ = {
			isa = PBXTargetDependency;
			target = 83BDDB6628DE804400CBC81E /* DailyCalories */;
			targetProxy = 83BDDB8128DE804500CBC81E /* PBXContainerItemProxy */;
		};
		83BDDB8C28DE804600CBC81E /* PBXTargetDependency */ = {
			isa = PBXTargetDependency;
			target = 83BDDB6628DE804400CBC81E /* DailyCalories */;
			targetProxy = 83BDDB8B28DE804600CBC81E /* PBXContainerItemProxy */;
		};
/* End PBXTargetDependency section */

/* Begin PBXVariantGroup section */
		83BDDB7028DE804400CBC81E /* Main.storyboard */ = {
			isa = PBXVariantGroup;
			children = (
				83BDDB7128DE804400CBC81E /* Base */,
			);
			name = Main.storyboard;
			sourceTree = "<group>";
		};
		83BDDB7828DE804500CBC81E /* LaunchScreen.storyboard */ = {
			isa = PBXVariantGroup;
			children = (
				83BDDB7928DE804500CBC81E /* Base */,
			);
			name = LaunchScreen.storyboard;
			sourceTree = "<group>";
		};
/* End PBXVariantGroup section */

/* Begin XCBuildConfiguration section */
		83BDDB9228DE804600CBC81E /* Debug */ = {
			isa = XCBuildConfiguration;
			buildSettings = {
				ALWAYS_SEARCH_USER_PATHS = NO;
				CLANG_ANALYZER_NONNULL = YES;
				CLANG_ANALYZER_NUMBER_OBJECT_CONVERSION = YES_AGGRESSIVE;
				CLANG_CXX_LANGUAGE_STANDARD = "gnu++17";
				CLANG_ENABLE_MODULES = YES;
				CLANG_ENABLE_OBJC_ARC = YES;
				CLANG_ENABLE_OBJC_WEAK = YES;
				CLANG_WARN_BLOCK_CAPTURE_AUTORELEASING = YES;
				CLANG_WARN_BOOL_CONVERSION = YES;
				CLANG_WARN_COMMA = YES;
				CLANG_WARN_CONSTANT_CONVERSION = YES;
				CLANG_WARN_DEPRECATED_OBJC_IMPLEMENTATIONS = YES;
				CLANG_WARN_DIRECT_OBJC_ISA_USAGE = YES_ERROR;
				CLANG_WARN_DOCUMENTATION_COMMENTS = YES;
				CLANG_WARN_EMPTY_BODY = YES;
				CLANG_WARN_ENUM_CONVERSION = YES;
				CLANG_WARN_INFINITE_RECURSION = YES;
				CLANG_WARN_INT_CONVERSION = YES;
				CLANG_WARN_NON_LITERAL_NULL_CONVERSION = YES;
				CLANG_WARN_OBJC_IMPLICIT_RETAIN_SELF = YES;
				CLANG_WARN_OBJC_LITERAL_CONVERSION = YES;
				CLANG_WARN_OBJC_ROOT_CLASS = YES_ERROR;
				CLANG_WARN_QUOTED_INCLUDE_IN_FRAMEWORK_HEADER = YES;
				CLANG_WARN_RANGE_LOOP_ANALYSIS = YES;
				CLANG_WARN_STRICT_PROTOTYPES = YES;
				CLANG_WARN_SUSPICIOUS_MOVE = YES;
				CLANG_WARN_UNGUARDED_AVAILABILITY = YES_AGGRESSIVE;
				CLANG_WARN_UNREACHABLE_CODE = YES;
				CLANG_WARN__DUPLICATE_METHOD_MATCH = YES;
				COPY_PHASE_STRIP = NO;
				DEBUG_INFORMATION_FORMAT = dwarf;
				ENABLE_STRICT_OBJC_MSGSEND = YES;
				ENABLE_TESTABILITY = YES;
				GCC_C_LANGUAGE_STANDARD = gnu11;
				GCC_DYNAMIC_NO_PIC = NO;
				GCC_NO_COMMON_BLOCKS = YES;
				GCC_OPTIMIZATION_LEVEL = 0;
				GCC_PREPROCESSOR_DEFINITIONS = (
					"DEBUG=1",
					"$(inherited)",
				);
				GCC_WARN_64_TO_32_BIT_CONVERSION = YES;
				GCC_WARN_ABOUT_RETURN_TYPE = YES_ERROR;
				GCC_WARN_UNDECLARED_SELECTOR = YES;
				GCC_WARN_UNINITIALIZED_AUTOS = YES_AGGRESSIVE;
				GCC_WARN_UNUSED_FUNCTION = YES;
				GCC_WARN_UNUSED_VARIABLE = YES;
				IPHONEOS_DEPLOYMENT_TARGET = 15.0;
				MTL_ENABLE_DEBUG_INFO = INCLUDE_SOURCE;
				MTL_FAST_MATH = YES;
				ONLY_ACTIVE_ARCH = YES;
				SDKROOT = iphoneos;
				SWIFT_ACTIVE_COMPILATION_CONDITIONS = DEBUG;
				SWIFT_OPTIMIZATION_LEVEL = "-Onone";
			};
			name = Debug;
		};
		83BDDB9328DE804600CBC81E /* Release */ = {
			isa = XCBuildConfiguration;
			buildSettings = {
				ALWAYS_SEARCH_USER_PATHS = NO;
				CLANG_ANALYZER_NONNULL = YES;
				CLANG_ANALYZER_NUMBER_OBJECT_CONVERSION = YES_AGGRESSIVE;
				CLANG_CXX_LANGUAGE_STANDARD = "gnu++17";
				CLANG_ENABLE_MODULES = YES;
				CLANG_ENABLE_OBJC_ARC = YES;
				CLANG_ENABLE_OBJC_WEAK = YES;
				CLANG_WARN_BLOCK_CAPTURE_AUTORELEASING = YES;
				CLANG_WARN_BOOL_CONVERSION = YES;
				CLANG_WARN_COMMA = YES;
				CLANG_WARN_CONSTANT_CONVERSION = YES;
				CLANG_WARN_DEPRECATED_OBJC_IMPLEMENTATIONS = YES;
				CLANG_WARN_DIRECT_OBJC_ISA_USAGE = YES_ERROR;
				CLANG_WARN_DOCUMENTATION_COMMENTS = YES;
				CLANG_WARN_EMPTY_BODY = YES;
				CLANG_WARN_ENUM_CONVERSION = YES;
				CLANG_WARN_INFINITE_RECURSION = YES;
				CLANG_WARN_INT_CONVERSION = YES;
				CLANG_WARN_NON_LITERAL_NULL_CONVERSION = YES;
				CLANG_WARN_OBJC_IMPLICIT_RETAIN_SELF = YES;
				CLANG_WARN_OBJC_LITERAL_CONVERSION = YES;
				CLANG_WARN_OBJC_ROOT_CLASS = YES_ERROR;
				CLANG_WARN_QUOTED_INCLUDE_IN_FRAMEWORK_HEADER = YES;
				CLANG_WARN_RANGE_LOOP_ANALYSIS = YES;
				CLANG_WARN_STRICT_PROTOTYPES = YES;
				CLANG_WARN_SUSPICIOUS_MOVE = YES;
				CLANG_WARN_UNGUARDED_AVAILABILITY = YES_AGGRESSIVE;
				CLANG_WARN_UNREACHABLE_CODE = YES;
				CLANG_WARN__DUPLICATE_METHOD_MATCH = YES;
				COPY_PHASE_STRIP = NO;
				DEBUG_INFORMATION_FORMAT = "dwarf-with-dsym";
				ENABLE_NS_ASSERTIONS = NO;
				ENABLE_STRICT_OBJC_MSGSEND = YES;
				GCC_C_LANGUAGE_STANDARD = gnu11;
				GCC_NO_COMMON_BLOCKS = YES;
				GCC_WARN_64_TO_32_BIT_CONVERSION = YES;
				GCC_WARN_ABOUT_RETURN_TYPE = YES_ERROR;
				GCC_WARN_UNDECLARED_SELECTOR = YES;
				GCC_WARN_UNINITIALIZED_AUTOS = YES_AGGRESSIVE;
				GCC_WARN_UNUSED_FUNCTION = YES;
				GCC_WARN_UNUSED_VARIABLE = YES;
				IPHONEOS_DEPLOYMENT_TARGET = 15.0;
				MTL_ENABLE_DEBUG_INFO = NO;
				MTL_FAST_MATH = YES;
				SDKROOT = iphoneos;
				SWIFT_COMPILATION_MODE = wholemodule;
				SWIFT_OPTIMIZATION_LEVEL = "-O";
				VALIDATE_PRODUCT = YES;
			};
			name = Release;
		};
		83BDDB9528DE804600CBC81E /* Debug */ = {
			isa = XCBuildConfiguration;
			buildSettings = {
				ASSETCATALOG_COMPILER_APPICON_NAME = AppIcon;
				ASSETCATALOG_COMPILER_GLOBAL_ACCENT_COLOR_NAME = AccentColor;
				CODE_SIGN_STYLE = Automatic;
				CURRENT_PROJECT_VERSION = 1;
				DEVELOPMENT_TEAM = MWA5ATM4HR;
				GENERATE_INFOPLIST_FILE = YES;
				INFOPLIST_FILE = DailyCalories/Info.plist;
				INFOPLIST_KEY_UIApplicationSupportsIndirectInputEvents = YES;
				INFOPLIST_KEY_UILaunchStoryboardName = LaunchScreen;
				INFOPLIST_KEY_UIMainStoryboardFile = Main;
				INFOPLIST_KEY_UISupportedInterfaceOrientations_iPad = "UIInterfaceOrientationPortrait UIInterfaceOrientationPortraitUpsideDown UIInterfaceOrientationLandscapeLeft UIInterfaceOrientationLandscapeRight";
				INFOPLIST_KEY_UISupportedInterfaceOrientations_iPhone = "UIInterfaceOrientationPortrait UIInterfaceOrientationLandscapeLeft UIInterfaceOrientationLandscapeRight";
				IPHONEOS_DEPLOYMENT_TARGET = 15.0;
				LD_RUNPATH_SEARCH_PATHS = (
					"$(inherited)",
					"@executable_path/Frameworks",
				);
				MARKETING_VERSION = 1.0;
				PRODUCT_BUNDLE_IDENTIFIER = com.alex.DailyCalories;
				PRODUCT_NAME = "$(TARGET_NAME)";
				SWIFT_EMIT_LOC_STRINGS = YES;
				SWIFT_VERSION = 5.0;
				TARGETED_DEVICE_FAMILY = "1,2";
			};
			name = Debug;
		};
		83BDDB9628DE804600CBC81E /* Release */ = {
			isa = XCBuildConfiguration;
			buildSettings = {
				ASSETCATALOG_COMPILER_APPICON_NAME = AppIcon;
				ASSETCATALOG_COMPILER_GLOBAL_ACCENT_COLOR_NAME = AccentColor;
				CODE_SIGN_STYLE = Automatic;
				CURRENT_PROJECT_VERSION = 1;
				DEVELOPMENT_TEAM = MWA5ATM4HR;
				GENERATE_INFOPLIST_FILE = YES;
				INFOPLIST_FILE = DailyCalories/Info.plist;
				INFOPLIST_KEY_UIApplicationSupportsIndirectInputEvents = YES;
				INFOPLIST_KEY_UILaunchStoryboardName = LaunchScreen;
				INFOPLIST_KEY_UIMainStoryboardFile = Main;
				INFOPLIST_KEY_UISupportedInterfaceOrientations_iPad = "UIInterfaceOrientationPortrait UIInterfaceOrientationPortraitUpsideDown UIInterfaceOrientationLandscapeLeft UIInterfaceOrientationLandscapeRight";
				INFOPLIST_KEY_UISupportedInterfaceOrientations_iPhone = "UIInterfaceOrientationPortrait UIInterfaceOrientationLandscapeLeft UIInterfaceOrientationLandscapeRight";
				IPHONEOS_DEPLOYMENT_TARGET = 15.0;
				LD_RUNPATH_SEARCH_PATHS = (
					"$(inherited)",
					"@executable_path/Frameworks",
				);
				MARKETING_VERSION = 1.0;
				PRODUCT_BUNDLE_IDENTIFIER = com.alex.DailyCalories;
				PRODUCT_NAME = "$(TARGET_NAME)";
				SWIFT_EMIT_LOC_STRINGS = YES;
				SWIFT_VERSION = 5.0;
				TARGETED_DEVICE_FAMILY = "1,2";
			};
			name = Release;
		};
		83BDDB9828DE804600CBC81E /* Debug */ = {
			isa = XCBuildConfiguration;
			buildSettings = {
				ALWAYS_EMBED_SWIFT_STANDARD_LIBRARIES = YES;
				BUNDLE_LOADER = "$(TEST_HOST)";
				CODE_SIGN_STYLE = Automatic;
				CURRENT_PROJECT_VERSION = 1;
				DEVELOPMENT_TEAM = MWA5ATM4HR;
				GENERATE_INFOPLIST_FILE = YES;
				IPHONEOS_DEPLOYMENT_TARGET = 15.5;
				MARKETING_VERSION = 1.0;
				PRODUCT_BUNDLE_IDENTIFIER = com.alex.MyFitnessTests;
				PRODUCT_NAME = "$(TARGET_NAME)";
				SWIFT_EMIT_LOC_STRINGS = NO;
				SWIFT_VERSION = 5.0;
				TARGETED_DEVICE_FAMILY = "1,2";
				TEST_HOST = "$(BUILT_PRODUCTS_DIR)/DailyCalories.app/DailyCalories";
			};
			name = Debug;
		};
		83BDDB9928DE804600CBC81E /* Release */ = {
			isa = XCBuildConfiguration;
			buildSettings = {
				ALWAYS_EMBED_SWIFT_STANDARD_LIBRARIES = YES;
				BUNDLE_LOADER = "$(TEST_HOST)";
				CODE_SIGN_STYLE = Automatic;
				CURRENT_PROJECT_VERSION = 1;
				DEVELOPMENT_TEAM = MWA5ATM4HR;
				GENERATE_INFOPLIST_FILE = YES;
				IPHONEOS_DEPLOYMENT_TARGET = 15.5;
				MARKETING_VERSION = 1.0;
				PRODUCT_BUNDLE_IDENTIFIER = com.alex.MyFitnessTests;
				PRODUCT_NAME = "$(TARGET_NAME)";
				SWIFT_EMIT_LOC_STRINGS = NO;
				SWIFT_VERSION = 5.0;
				TARGETED_DEVICE_FAMILY = "1,2";
				TEST_HOST = "$(BUILT_PRODUCTS_DIR)/DailyCalories.app/DailyCalories";
			};
			name = Release;
		};
		83BDDB9B28DE804600CBC81E /* Debug */ = {
			isa = XCBuildConfiguration;
			buildSettings = {
				ALWAYS_EMBED_SWIFT_STANDARD_LIBRARIES = YES;
				CODE_SIGN_STYLE = Automatic;
				CURRENT_PROJECT_VERSION = 1;
				DEVELOPMENT_TEAM = MWA5ATM4HR;
				GENERATE_INFOPLIST_FILE = YES;
				MARKETING_VERSION = 1.0;
				PRODUCT_BUNDLE_IDENTIFIER = com.alex.MyFitnessUITests;
				PRODUCT_NAME = "$(TARGET_NAME)";
				SWIFT_EMIT_LOC_STRINGS = NO;
				SWIFT_VERSION = 5.0;
				TARGETED_DEVICE_FAMILY = "1,2";
				TEST_TARGET_NAME = MyFitness;
			};
			name = Debug;
		};
		83BDDB9C28DE804600CBC81E /* Release */ = {
			isa = XCBuildConfiguration;
			buildSettings = {
				ALWAYS_EMBED_SWIFT_STANDARD_LIBRARIES = YES;
				CODE_SIGN_STYLE = Automatic;
				CURRENT_PROJECT_VERSION = 1;
				DEVELOPMENT_TEAM = MWA5ATM4HR;
				GENERATE_INFOPLIST_FILE = YES;
				MARKETING_VERSION = 1.0;
				PRODUCT_BUNDLE_IDENTIFIER = com.alex.MyFitnessUITests;
				PRODUCT_NAME = "$(TARGET_NAME)";
				SWIFT_EMIT_LOC_STRINGS = NO;
				SWIFT_VERSION = 5.0;
				TARGETED_DEVICE_FAMILY = "1,2";
				TEST_TARGET_NAME = MyFitness;
			};
			name = Release;
		};
/* End XCBuildConfiguration section */

/* Begin XCConfigurationList section */
		83BDDB6228DE804400CBC81E /* Build configuration list for PBXProject "DailyCalories" */ = {
			isa = XCConfigurationList;
			buildConfigurations = (
				83BDDB9228DE804600CBC81E /* Debug */,
				83BDDB9328DE804600CBC81E /* Release */,
			);
			defaultConfigurationIsVisible = 0;
			defaultConfigurationName = Release;
		};
		83BDDB9428DE804600CBC81E /* Build configuration list for PBXNativeTarget "DailyCalories" */ = {
			isa = XCConfigurationList;
			buildConfigurations = (
				83BDDB9528DE804600CBC81E /* Debug */,
				83BDDB9628DE804600CBC81E /* Release */,
			);
			defaultConfigurationIsVisible = 0;
			defaultConfigurationName = Release;
		};
		83BDDB9728DE804600CBC81E /* Build configuration list for PBXNativeTarget "DailyCaloriesTests" */ = {
			isa = XCConfigurationList;
			buildConfigurations = (
				83BDDB9828DE804600CBC81E /* Debug */,
				83BDDB9928DE804600CBC81E /* Release */,
			);
			defaultConfigurationIsVisible = 0;
			defaultConfigurationName = Release;
		};
		83BDDB9A28DE804600CBC81E /* Build configuration list for PBXNativeTarget "DailyCaloriesUITests" */ = {
			isa = XCConfigurationList;
			buildConfigurations = (
				83BDDB9B28DE804600CBC81E /* Debug */,
				83BDDB9C28DE804600CBC81E /* Release */,
			);
			defaultConfigurationIsVisible = 0;
			defaultConfigurationName = Release;
		};
/* End XCConfigurationList section */

/* Begin XCRemoteSwiftPackageReference section */
		83CF8C4B2938224C00C14E7E /* XCRemoteSwiftPackageReference "firebase-ios-sdk" */ = {
			isa = XCRemoteSwiftPackageReference;
			repositoryURL = "https://github.com/firebase/firebase-ios-sdk";
			requirement = {
				branch = master;
				kind = branch;
			};
		};
/* End XCRemoteSwiftPackageReference section */

/* Begin XCSwiftPackageProductDependency section */
		83CF8C4C2938224C00C14E7E /* FirebaseAnalytics */ = {
			isa = XCSwiftPackageProductDependency;
			package = 83CF8C4B2938224C00C14E7E /* XCRemoteSwiftPackageReference "firebase-ios-sdk" */;
			productName = FirebaseAnalytics;
		};
		83CF8C4E2938224C00C14E7E /* FirebaseAnalyticsOnDeviceConversion */ = {
			isa = XCSwiftPackageProductDependency;
			package = 83CF8C4B2938224C00C14E7E /* XCRemoteSwiftPackageReference "firebase-ios-sdk" */;
			productName = FirebaseAnalyticsOnDeviceConversion;
		};
		83CF8C502938224C00C14E7E /* FirebaseAnalyticsSwift */ = {
			isa = XCSwiftPackageProductDependency;
			package = 83CF8C4B2938224C00C14E7E /* XCRemoteSwiftPackageReference "firebase-ios-sdk" */;
			productName = FirebaseAnalyticsSwift;
		};
		83CF8C522938224C00C14E7E /* FirebaseAnalyticsWithoutAdIdSupport */ = {
			isa = XCSwiftPackageProductDependency;
			package = 83CF8C4B2938224C00C14E7E /* XCRemoteSwiftPackageReference "firebase-ios-sdk" */;
			productName = FirebaseAnalyticsWithoutAdIdSupport;
		};
		83CF8C542938224C00C14E7E /* FirebaseAppCheck */ = {
			isa = XCSwiftPackageProductDependency;
			package = 83CF8C4B2938224C00C14E7E /* XCRemoteSwiftPackageReference "firebase-ios-sdk" */;
			productName = FirebaseAppCheck;
		};
		83CF8C562938224C00C14E7E /* FirebaseAppDistribution-Beta */ = {
			isa = XCSwiftPackageProductDependency;
			package = 83CF8C4B2938224C00C14E7E /* XCRemoteSwiftPackageReference "firebase-ios-sdk" */;
			productName = "FirebaseAppDistribution-Beta";
		};
		83CF8C582938224C00C14E7E /* FirebaseAuth */ = {
			isa = XCSwiftPackageProductDependency;
			package = 83CF8C4B2938224C00C14E7E /* XCRemoteSwiftPackageReference "firebase-ios-sdk" */;
			productName = FirebaseAuth;
		};
		83CF8C5A2938224C00C14E7E /* FirebaseAuthCombine-Community */ = {
			isa = XCSwiftPackageProductDependency;
			package = 83CF8C4B2938224C00C14E7E /* XCRemoteSwiftPackageReference "firebase-ios-sdk" */;
			productName = "FirebaseAuthCombine-Community";
		};
		83CF8C5C2938224C00C14E7E /* FirebaseCrashlytics */ = {
			isa = XCSwiftPackageProductDependency;
			package = 83CF8C4B2938224C00C14E7E /* XCRemoteSwiftPackageReference "firebase-ios-sdk" */;
			productName = FirebaseCrashlytics;
		};
		83CF8C5E2938224C00C14E7E /* FirebaseDatabase */ = {
			isa = XCSwiftPackageProductDependency;
			package = 83CF8C4B2938224C00C14E7E /* XCRemoteSwiftPackageReference "firebase-ios-sdk" */;
			productName = FirebaseDatabase;
		};
		83CF8C602938224C00C14E7E /* FirebaseDatabaseSwift */ = {
			isa = XCSwiftPackageProductDependency;
			package = 83CF8C4B2938224C00C14E7E /* XCRemoteSwiftPackageReference "firebase-ios-sdk" */;
			productName = FirebaseDatabaseSwift;
		};
		83CF8C622938224C00C14E7E /* FirebaseDynamicLinks */ = {
			isa = XCSwiftPackageProductDependency;
			package = 83CF8C4B2938224C00C14E7E /* XCRemoteSwiftPackageReference "firebase-ios-sdk" */;
			productName = FirebaseDynamicLinks;
		};
		83CF8C642938224C00C14E7E /* FirebaseFirestore */ = {
			isa = XCSwiftPackageProductDependency;
			package = 83CF8C4B2938224C00C14E7E /* XCRemoteSwiftPackageReference "firebase-ios-sdk" */;
			productName = FirebaseFirestore;
		};
		83CF8C662938224C00C14E7E /* FirebaseFirestoreCombine-Community */ = {
			isa = XCSwiftPackageProductDependency;
			package = 83CF8C4B2938224C00C14E7E /* XCRemoteSwiftPackageReference "firebase-ios-sdk" */;
			productName = "FirebaseFirestoreCombine-Community";
		};
		83CF8C682938224C00C14E7E /* FirebaseFirestoreSwift */ = {
			isa = XCSwiftPackageProductDependency;
			package = 83CF8C4B2938224C00C14E7E /* XCRemoteSwiftPackageReference "firebase-ios-sdk" */;
			productName = FirebaseFirestoreSwift;
		};
		83CF8C6A2938224C00C14E7E /* FirebaseFunctions */ = {
			isa = XCSwiftPackageProductDependency;
			package = 83CF8C4B2938224C00C14E7E /* XCRemoteSwiftPackageReference "firebase-ios-sdk" */;
			productName = FirebaseFunctions;
		};
		83CF8C6C2938224C00C14E7E /* FirebaseFunctionsCombine-Community */ = {
			isa = XCSwiftPackageProductDependency;
			package = 83CF8C4B2938224C00C14E7E /* XCRemoteSwiftPackageReference "firebase-ios-sdk" */;
			productName = "FirebaseFunctionsCombine-Community";
		};
		83CF8C6E2938224C00C14E7E /* FirebaseInAppMessaging-Beta */ = {
			isa = XCSwiftPackageProductDependency;
			package = 83CF8C4B2938224C00C14E7E /* XCRemoteSwiftPackageReference "firebase-ios-sdk" */;
			productName = "FirebaseInAppMessaging-Beta";
		};
		83CF8C702938224C00C14E7E /* FirebaseInAppMessagingSwift-Beta */ = {
			isa = XCSwiftPackageProductDependency;
			package = 83CF8C4B2938224C00C14E7E /* XCRemoteSwiftPackageReference "firebase-ios-sdk" */;
			productName = "FirebaseInAppMessagingSwift-Beta";
		};
		83CF8C722938224C00C14E7E /* FirebaseInstallations */ = {
			isa = XCSwiftPackageProductDependency;
			package = 83CF8C4B2938224C00C14E7E /* XCRemoteSwiftPackageReference "firebase-ios-sdk" */;
			productName = FirebaseInstallations;
		};
		83CF8C742938224C00C14E7E /* FirebaseMLModelDownloader */ = {
			isa = XCSwiftPackageProductDependency;
			package = 83CF8C4B2938224C00C14E7E /* XCRemoteSwiftPackageReference "firebase-ios-sdk" */;
			productName = FirebaseMLModelDownloader;
		};
		83CF8C762938224C00C14E7E /* FirebaseMessaging */ = {
			isa = XCSwiftPackageProductDependency;
			package = 83CF8C4B2938224C00C14E7E /* XCRemoteSwiftPackageReference "firebase-ios-sdk" */;
			productName = FirebaseMessaging;
		};
		83CF8C782938224C00C14E7E /* FirebasePerformance */ = {
			isa = XCSwiftPackageProductDependency;
			package = 83CF8C4B2938224C00C14E7E /* XCRemoteSwiftPackageReference "firebase-ios-sdk" */;
			productName = FirebasePerformance;
		};
		83CF8C7A2938224C00C14E7E /* FirebaseRemoteConfig */ = {
			isa = XCSwiftPackageProductDependency;
			package = 83CF8C4B2938224C00C14E7E /* XCRemoteSwiftPackageReference "firebase-ios-sdk" */;
			productName = FirebaseRemoteConfig;
		};
		83CF8C7C2938224C00C14E7E /* FirebaseRemoteConfigSwift */ = {
			isa = XCSwiftPackageProductDependency;
			package = 83CF8C4B2938224C00C14E7E /* XCRemoteSwiftPackageReference "firebase-ios-sdk" */;
			productName = FirebaseRemoteConfigSwift;
		};
		83CF8C7E2938224C00C14E7E /* FirebaseStorage */ = {
			isa = XCSwiftPackageProductDependency;
			package = 83CF8C4B2938224C00C14E7E /* XCRemoteSwiftPackageReference "firebase-ios-sdk" */;
			productName = FirebaseStorage;
		};
		83CF8C802938224C00C14E7E /* FirebaseStorageCombine-Community */ = {
			isa = XCSwiftPackageProductDependency;
			package = 83CF8C4B2938224C00C14E7E /* XCRemoteSwiftPackageReference "firebase-ios-sdk" */;
			productName = "FirebaseStorageCombine-Community";
		};
/* End XCSwiftPackageProductDependency section */

/* Begin XCVersionGroup section */
		83BDDB7328DE804400CBC81E /* MyFitness.xcdatamodeld */ = {
			isa = XCVersionGroup;
			children = (
				83BDDB7428DE804400CBC81E /* MyFitness.xcdatamodel */,
			);
			currentVersion = 83BDDB7428DE804400CBC81E /* MyFitness.xcdatamodel */;
			path = MyFitness.xcdatamodeld;
			sourceTree = "<group>";
			versionGroupType = wrapper.xcdatamodel;
		};
/* End XCVersionGroup section */
	};
	rootObject = 83BDDB5F28DE804400CBC81E /* Project object */;
}
